{
    "_readme": [
        "This file locks the dependencies of your project to a known state",
        "Read more about it at https://getcomposer.org/doc/01-basic-usage.md#composer-lock-the-lock-file",
        "This file is @generated automatically"
    ],
    "content-hash": "a3cd2a6a9c5c87039c0d09bde3758c55",
    "packages": [
        {
            "name": "h4kuna/data-type",
            "version": "v2.1.5",
            "source": {
                "type": "git",
                "url": "https://github.com/h4kuna/data-type.git",
                "reference": "4db7e6d4a5201940b3d24b7743bf6ed3e00b581e"
            },
            "dist": {
                "type": "zip",
                "url": "https://api.github.com/repos/h4kuna/data-type/zipball/4db7e6d4a5201940b3d24b7743bf6ed3e00b581e",
                "reference": "4db7e6d4a5201940b3d24b7743bf6ed3e00b581e",
                "shasum": ""
            },
            "require": {
                "nette/utils": ">=2.2",
                "php": ">=5.4"
            },
            "require-dev": {
                "salamium/testinium": "^0.1"
            },
            "type": "library",
            "autoload": {
                "psr-4": {
                    "h4kuna\\DataType\\": "src/"
                },
                "files": [
                    "src/exceptions.php",
                    "src/functions.php"
                ]
            },
            "notification-url": "https://packagist.org/downloads/",
            "license": [
                "MIT"
            ],
            "authors": [
                {
                    "name": "Milan Matějček",
                    "email": "milan.matejcek@gmail.com",
                    "role": "Developer"
                }
            ],
            "description": "Basic data type, int, float, string, set, gps",
            "homepage": "https://github.com/h4kuna/data-type",
            "time": "2018-03-18T16:40:37+00:00"
        },
        {
            "name": "h4kuna/number-format",
            "version": "v3.0.0",
            "source": {
                "type": "git",
                "url": "https://github.com/h4kuna/number-format.git",
                "reference": "43cbed5770fc96a84aac7fe9085332db036396e6"
            },
            "dist": {
                "type": "zip",
                "url": "https://api.github.com/repos/h4kuna/number-format/zipball/43cbed5770fc96a84aac7fe9085332db036396e6",
                "reference": "43cbed5770fc96a84aac7fe9085332db036396e6",
                "shasum": ""
            },
            "require": {
                "h4kuna/data-type": "^2.1.0",
                "php": "^7.1"
            },
            "require-dev": {
                "nette/utils": "^2.0",
                "phpstan/phpstan": "^0.9.2",
                "salamium/testinium": "~0.1"
            },
            "type": "library",
            "autoload": {
                "psr-4": {
                    "h4kuna\\Number\\": "src\\"
                },
                "files": [
                    "src/exceptions.php"
                ]
            },
            "notification-url": "https://packagist.org/downloads/",
            "license": [
                "MIT"
            ],
            "authors": [
                {
                    "name": "Milan Matějček",
                    "email": "milan.matejcek@gmail.com",
                    "role": "Developer"
                }
            ],
            "description": "Object wrapper above number_format",
            "homepage": "https://github.com/h4kuna/number-format",
            "time": "2018-03-10T22:12:23+00:00"
        },
        {
            "name": "jasny/php-functions",
            "version": "v3.3.0",
            "source": {
                "type": "git",
                "url": "https://github.com/jasny/php-functions.git",
                "reference": "960eca185b6025f9188b6d9a2debb1523a05e7bf"
            },
            "dist": {
                "type": "zip",
                "url": "https://api.github.com/repos/jasny/php-functions/zipball/960eca185b6025f9188b6d9a2debb1523a05e7bf",
                "reference": "960eca185b6025f9188b6d9a2debb1523a05e7bf",
                "shasum": ""
            },
            "require": {
                "php": ">=5.6"
            },
            "require-dev": {
                "jasny/php-code-quality": "^2.0",
                "phpunit/phpunit": "^5.7.0"
            },
            "type": "library",
            "autoload": {
                "files": [
                    "src/array_functions.php",
                    "src/case_functions.php",
                    "src/string_functions.php",
                    "src/server_functions.php",
                    "src/type_functions.php",
                    "src/file_functions.php",
                    "src/func_functions.php"
                ]
            },
            "notification-url": "https://packagist.org/downloads/",
            "license": [
                "MIT"
            ],
            "authors": [
                {
                    "name": "Arnold Daniels",
                    "email": "arnold@jasny.net",
                    "homepage": "http://www.jasny.net"
                }
            ],
            "description": "A set of useful PHP functions",
            "time": "2018-07-16T11:10:04+00:00"
        },
        {
            "name": "nette/utils",
            "version": "v2.5.2",
            "source": {
                "type": "git",
                "url": "https://github.com/nette/utils.git",
                "reference": "183069866dc477fcfbac393ed486aaa6d93d19a5"
            },
            "dist": {
                "type": "zip",
                "url": "https://api.github.com/repos/nette/utils/zipball/183069866dc477fcfbac393ed486aaa6d93d19a5",
                "reference": "183069866dc477fcfbac393ed486aaa6d93d19a5",
                "shasum": ""
            },
            "require": {
                "php": ">=5.6.0"
            },
            "conflict": {
                "nette/nette": "<2.2"
            },
            "require-dev": {
                "nette/tester": "~2.0",
                "tracy/tracy": "^2.3"
            },
            "suggest": {
                "ext-gd": "to use Image",
                "ext-iconv": "to use Strings::webalize() and toAscii()",
                "ext-intl": "for script transliteration in Strings::webalize() and toAscii()",
                "ext-json": "to use Nette\\Utils\\Json",
                "ext-mbstring": "to use Strings::lower() etc...",
                "ext-xml": "to use Strings::length() etc. when mbstring is not available"
            },
            "type": "library",
            "extra": {
                "branch-alias": {
                    "dev-master": "2.5-dev"
                }
            },
            "autoload": {
                "classmap": [
                    "src/"
                ],
                "files": [
                    "src/loader.php"
                ]
            },
            "notification-url": "https://packagist.org/downloads/",
            "license": [
                "BSD-3-Clause",
                "GPL-2.0",
                "GPL-3.0"
            ],
            "authors": [
                {
                    "name": "David Grudl",
                    "homepage": "https://davidgrudl.com"
                },
                {
                    "name": "Nette Community",
                    "homepage": "https://nette.org/contributors"
                }
            ],
            "description": "🛠 Nette Utils: lightweight utilities for string & array manipulation, image handling, safe JSON encoding/decoding, validation, slug or strong password generating etc.",
            "homepage": "https://nette.org",
            "keywords": [
                "array",
                "core",
                "datetime",
                "images",
                "json",
                "nette",
                "paginator",
                "password",
                "slugify",
                "string",
                "unicode",
                "utf-8",
                "utility",
                "validation"
            ],
            "time": "2018-05-02T17:16:08+00:00"
        }
    ],
    "packages-dev": [],
    "aliases": [],
    "minimum-stability": "stable",
    "stability-flags": [],
    "prefer-stable": false,
    "prefer-lowest": false,
    "platform": [],
    "platform-dev": []
}
